
Microsoft Visual Studio Solution File, Format Version 12.00
# Visual Studio Version 16
VisualStudioVersion = 16.0.30413.136
MinimumVisualStudioVersion = 10.0.40219.1
Project("{FAE04EC0-301F-11D3-BF4B-00C04F79EFBC}") = "lab71", "lab71\lab71.csproj", "{918C33BC-37E7-4258-9B49-E1E630ECB327}"
EndProject
Global
	GlobalSection(SolutionConfigurationPlatforms) = preSolution
		Debug|Any CPU = Debug|Any CPU
		Release|Any CPU = Release|Any CPU
	EndGlobalSection
	GlobalSection(ProjectConfigurationPlatforms) = postSolution
		{918C33BC-37E7-4258-9B49-E1E630ECB327}.Debug|Any CPU.ActiveCfg = Debug|Any CPU
		{918C33BC-37E7-4258-9B49-E1E630ECB327}.Debug|Any CPU.Build.0 = Debug|Any CPU
		{918C33BC-37E7-4258-9B49-E1E630ECB327}.Release|Any CPU.ActiveCfg = Release|Any CPU
		{918C33BC-37E7-4258-9B49-E1E630ECB327}.Release|Any CPU.Build.0 = Release|Any CPU
	EndGlobalSection
	GlobalSection(SolutionProperties) = preSolution
		HideSolutionNode = FALSE
	EndGlobalSection
	GlobalSection(ExtensibilityGlobals) = postSolution
		SolutionGuid = {4420EEC9-5A0D-494B-B11F-B769D3A82FD3}
	EndGlobalSection
EndGlobal
